// !$*UTF8*$!
{
	archiveVersion = 1;
	classes = {
	};
	objectVersion = 50;
	objects = {

/* Begin PBXBuildFile section */
		E4015DEA236CD04500B1C167 /* Patient.swift in Sources */ = {isa = PBXBuildFile; fileRef = E4015DE9236CD04500B1C167 /* Patient.swift */; };
		E4015DEC236D559900B1C167 /* PatientTableViewCell.swift in Sources */ = {isa = PBXBuildFile; fileRef = E4015DEB236D559900B1C167 /* PatientTableViewCell.swift */; };
		E4015DEE236D59D900B1C167 /* PatientTableViewController.swift in Sources */ = {isa = PBXBuildFile; fileRef = E4015DED236D59D900B1C167 /* PatientTableViewController.swift */; };
		E4015DF0236D60FD00B1C167 /* PatientViewController.swift in Sources */ = {isa = PBXBuildFile; fileRef = E4015DEF236D60FD00B1C167 /* PatientViewController.swift */; };
		E4015DFA2378BAB500B1C167 /* TakePictureTableViewCell.swift in Sources */ = {isa = PBXBuildFile; fileRef = E4015DF92378BAB500B1C167 /* TakePictureTableViewCell.swift */; };
		E4015E002378E19300B1C167 /* BodyPart.swift in Sources */ = {isa = PBXBuildFile; fileRef = E4015DFF2378E19300B1C167 /* BodyPart.swift */; };
		E4015E022379D46A00B1C167 /* SubmitPhotosViewController.swift in Sources */ = {isa = PBXBuildFile; fileRef = E4015E012379D46A00B1C167 /* SubmitPhotosViewController.swift */; };
		E4015E03237A5A4B00B1C167 /* BodyPartsViewController.swift in Sources */ = {isa = PBXBuildFile; fileRef = E4015DF32377C63200B1C167 /* BodyPartsViewController.swift */; };
		E4015E05237BA7A900B1C167 /* ExaminationResult.swift in Sources */ = {isa = PBXBuildFile; fileRef = E4015E04237BA7A800B1C167 /* ExaminationResult.swift */; };
		E4015E07237BA95300B1C167 /* Prescription.swift in Sources */ = {isa = PBXBuildFile; fileRef = E4015E06237BA95300B1C167 /* Prescription.swift */; };
		E4015E09237BAB3000B1C167 /* Medication.swift in Sources */ = {isa = PBXBuildFile; fileRef = E4015E08237BAB3000B1C167 /* Medication.swift */; };
		E4015E0B237BBBAB00B1C167 /* ActionPlanViewController.swift in Sources */ = {isa = PBXBuildFile; fileRef = E4015E0A237BBBAB00B1C167 /* ActionPlanViewController.swift */; };
		E4015E0D237BBCC500B1C167 /* BodyPartResultTableViewCell.swift in Sources */ = {isa = PBXBuildFile; fileRef = E4015E0C237BBCC500B1C167 /* BodyPartResultTableViewCell.swift */; };
		E4015E0F237BC54800B1C167 /* MedicationTableViewCell.swift in Sources */ = {isa = PBXBuildFile; fileRef = E4015E0E237BC54800B1C167 /* MedicationTableViewCell.swift */; };
		E4457C25236A5A2100BF14AA /* AppDelegate.swift in Sources */ = {isa = PBXBuildFile; fileRef = E4457C24236A5A2100BF14AA /* AppDelegate.swift */; };
		E4457C27236A5A2100BF14AA /* SceneDelegate.swift in Sources */ = {isa = PBXBuildFile; fileRef = E4457C26236A5A2100BF14AA /* SceneDelegate.swift */; };
		E4457C29236A5A2100BF14AA /* ViewController.swift in Sources */ = {isa = PBXBuildFile; fileRef = E4457C28236A5A2100BF14AA /* ViewController.swift */; };
		E4457C2C236A5A2100BF14AA /* Main.storyboard in Resources */ = {isa = PBXBuildFile; fileRef = E4457C2A236A5A2100BF14AA /* Main.storyboard */; };
		E4457C2E236A5A2400BF14AA /* Assets.xcassets in Resources */ = {isa = PBXBuildFile; fileRef = E4457C2D236A5A2400BF14AA /* Assets.xcassets */; };
		E4457C31236A5A2400BF14AA /* LaunchScreen.storyboard in Resources */ = {isa = PBXBuildFile; fileRef = E4457C2F236A5A2400BF14AA /* LaunchScreen.storyboard */; };
		E4457C3C236A5A2500BF14AA /* FirstTests.swift in Sources */ = {isa = PBXBuildFile; fileRef = E4457C3B236A5A2500BF14AA /* FirstTests.swift */; };
/* End PBXBuildFile section */

/* Begin PBXContainerItemProxy section */
		E4457C38236A5A2500BF14AA /* PBXContainerItemProxy */ = {
			isa = PBXContainerItemProxy;
			containerPortal = E4457C19236A5A2100BF14AA /* Project object */;
			proxyType = 1;
			remoteGlobalIDString = E4457C20236A5A2100BF14AA;
			remoteInfo = First;
		};
/* End PBXContainerItemProxy section */

/* Begin PBXFileReference section */
		E4015DE9236CD04500B1C167 /* Patient.swift */ = {isa = PBXFileReference; lastKnownFileType = sourcecode.swift; path = Patient.swift; sourceTree = "<group>"; };
		E4015DEB236D559900B1C167 /* PatientTableViewCell.swift */ = {isa = PBXFileReference; lastKnownFileType = sourcecode.swift; path = PatientTableViewCell.swift; sourceTree = "<group>"; };
		E4015DED236D59D900B1C167 /* PatientTableViewController.swift */ = {isa = PBXFileReference; lastKnownFileType = sourcecode.swift; path = PatientTableViewController.swift; sourceTree = "<group>"; };
		E4015DEF236D60FD00B1C167 /* PatientViewController.swift */ = {isa = PBXFileReference; lastKnownFileType = sourcecode.swift; path = PatientViewController.swift; sourceTree = "<group>"; };
		E4015DF32377C63200B1C167 /* BodyPartsViewController.swift */ = {isa = PBXFileReference; lastKnownFileType = sourcecode.swift; path = BodyPartsViewController.swift; sourceTree = "<group>"; };
		E4015DF92378BAB500B1C167 /* TakePictureTableViewCell.swift */ = {isa = PBXFileReference; lastKnownFileType = sourcecode.swift; path = TakePictureTableViewCell.swift; sourceTree = "<group>"; };
		E4015DFF2378E19300B1C167 /* BodyPart.swift */ = {isa = PBXFileReference; lastKnownFileType = sourcecode.swift; path = BodyPart.swift; sourceTree = "<group>"; };
		E4015E012379D46A00B1C167 /* SubmitPhotosViewController.swift */ = {isa = PBXFileReference; lastKnownFileType = sourcecode.swift; path = SubmitPhotosViewController.swift; sourceTree = "<group>"; };
		E4015E04237BA7A800B1C167 /* ExaminationResult.swift */ = {isa = PBXFileReference; lastKnownFileType = sourcecode.swift; path = ExaminationResult.swift; sourceTree = "<group>"; };
		E4015E06237BA95300B1C167 /* Prescription.swift */ = {isa = PBXFileReference; lastKnownFileType = sourcecode.swift; path = Prescription.swift; sourceTree = "<group>"; };
		E4015E08237BAB3000B1C167 /* Medication.swift */ = {isa = PBXFileReference; lastKnownFileType = sourcecode.swift; path = Medication.swift; sourceTree = "<group>"; };
		E4015E0A237BBBAB00B1C167 /* ActionPlanViewController.swift */ = {isa = PBXFileReference; lastKnownFileType = sourcecode.swift; path = ActionPlanViewController.swift; sourceTree = "<group>"; };
		E4015E0C237BBCC500B1C167 /* BodyPartResultTableViewCell.swift */ = {isa = PBXFileReference; lastKnownFileType = sourcecode.swift; path = BodyPartResultTableViewCell.swift; sourceTree = "<group>"; };
		E4015E0E237BC54800B1C167 /* MedicationTableViewCell.swift */ = {isa = PBXFileReference; lastKnownFileType = sourcecode.swift; path = MedicationTableViewCell.swift; sourceTree = "<group>"; };
		E4457C21236A5A2100BF14AA /* First.app */ = {isa = PBXFileReference; explicitFileType = wrapper.application; includeInIndex = 0; path = First.app; sourceTree = BUILT_PRODUCTS_DIR; };
		E4457C24236A5A2100BF14AA /* AppDelegate.swift */ = {isa = PBXFileReference; lastKnownFileType = sourcecode.swift; path = AppDelegate.swift; sourceTree = "<group>"; };
		E4457C26236A5A2100BF14AA /* SceneDelegate.swift */ = {isa = PBXFileReference; lastKnownFileType = sourcecode.swift; path = SceneDelegate.swift; sourceTree = "<group>"; };
		E4457C28236A5A2100BF14AA /* ViewController.swift */ = {isa = PBXFileReference; lastKnownFileType = sourcecode.swift; path = ViewController.swift; sourceTree = "<group>"; };
		E4457C2B236A5A2100BF14AA /* Base */ = {isa = PBXFileReference; lastKnownFileType = file.storyboard; name = Base; path = Base.lproj/Main.storyboard; sourceTree = "<group>"; };
		E4457C2D236A5A2400BF14AA /* Assets.xcassets */ = {isa = PBXFileReference; lastKnownFileType = folder.assetcatalog; path = Assets.xcassets; sourceTree = "<group>"; };
		E4457C30236A5A2400BF14AA /* Base */ = {isa = PBXFileReference; lastKnownFileType = file.storyboard; name = Base; path = Base.lproj/LaunchScreen.storyboard; sourceTree = "<group>"; };
		E4457C32236A5A2400BF14AA /* Info.plist */ = {isa = PBXFileReference; lastKnownFileType = text.plist.xml; path = Info.plist; sourceTree = "<group>"; };
		E4457C37236A5A2500BF14AA /* FirstTests.xctest */ = {isa = PBXFileReference; explicitFileType = wrapper.cfbundle; includeInIndex = 0; path = FirstTests.xctest; sourceTree = BUILT_PRODUCTS_DIR; };
		E4457C3B236A5A2500BF14AA /* FirstTests.swift */ = {isa = PBXFileReference; lastKnownFileType = sourcecode.swift; path = FirstTests.swift; sourceTree = "<group>"; };
		E4457C3D236A5A2500BF14AA /* Info.plist */ = {isa = PBXFileReference; lastKnownFileType = text.plist.xml; path = Info.plist; sourceTree = "<group>"; };
		E4457C46236A67F800BF14AA /* First.entitlements */ = {isa = PBXFileReference; lastKnownFileType = text.plist.entitlements; path = First.entitlements; sourceTree = "<group>"; };
		E4457C47236A686200BF14AA /* FirstRelease.entitlements */ = {isa = PBXFileReference; lastKnownFileType = text.plist.entitlements; path = FirstRelease.entitlements; sourceTree = "<group>"; };
/* End PBXFileReference section */

/* Begin PBXFrameworksBuildPhase section */
		E4457C1E236A5A2100BF14AA /* Frameworks */ = {
			isa = PBXFrameworksBuildPhase;
			buildActionMask = 2147483647;
			files = (
			);
			runOnlyForDeploymentPostprocessing = 0;
		};
		E4457C34236A5A2500BF14AA /* Frameworks */ = {
			isa = PBXFrameworksBuildPhase;
			buildActionMask = 2147483647;
			files = (
			);
			runOnlyForDeploymentPostprocessing = 0;
		};
/* End PBXFrameworksBuildPhase section */

/* Begin PBXGroup section */
		E4457C18236A5A2100BF14AA = {
			isa = PBXGroup;
			children = (
				E4457C23236A5A2100BF14AA /* First */,
				E4457C3A236A5A2500BF14AA /* FirstTests */,
				E4457C22236A5A2100BF14AA /* Products */,
			);
			sourceTree = "<group>";
		};
		E4457C22236A5A2100BF14AA /* Products */ = {
			isa = PBXGroup;
			children = (
				E4457C21236A5A2100BF14AA /* First.app */,
				E4457C37236A5A2500BF14AA /* FirstTests.xctest */,
			);
			name = Products;
			sourceTree = "<group>";
		};
		E4457C23236A5A2100BF14AA /* First */ = {
			isa = PBXGroup;
			children = (
				E4015DF32377C63200B1C167 /* BodyPartsViewController.swift */,
				E4457C47236A686200BF14AA /* FirstRelease.entitlements */,
				E4457C46236A67F800BF14AA /* First.entitlements */,
				E4457C24236A5A2100BF14AA /* AppDelegate.swift */,
				E4457C26236A5A2100BF14AA /* SceneDelegate.swift */,
				E4457C28236A5A2100BF14AA /* ViewController.swift */,
				E4457C2A236A5A2100BF14AA /* Main.storyboard */,
				E4015E0A237BBBAB00B1C167 /* ActionPlanViewController.swift */,
				E4015E0C237BBCC500B1C167 /* BodyPartResultTableViewCell.swift */,
				E4015E0E237BC54800B1C167 /* MedicationTableViewCell.swift */,
				E4015E04237BA7A800B1C167 /* ExaminationResult.swift */,
				E4015E06237BA95300B1C167 /* Prescription.swift */,
				E4015E08237BAB3000B1C167 /* Medication.swift */,
				E4015E012379D46A00B1C167 /* SubmitPhotosViewController.swift */,
				E4015DEF236D60FD00B1C167 /* PatientViewController.swift */,
				E4015DEB236D559900B1C167 /* PatientTableViewCell.swift */,
				E4015DF92378BAB500B1C167 /* TakePictureTableViewCell.swift */,
				E4015DED236D59D900B1C167 /* PatientTableViewController.swift */,
				E4457C2D236A5A2400BF14AA /* Assets.xcassets */,
				E4457C2F236A5A2400BF14AA /* LaunchScreen.storyboard */,
				E4457C32236A5A2400BF14AA /* Info.plist */,
				E4015DE9236CD04500B1C167 /* Patient.swift */,
				E4015DFF2378E19300B1C167 /* BodyPart.swift */,
			);
			path = First;
			sourceTree = "<group>";
		};
		E4457C3A236A5A2500BF14AA /* FirstTests */ = {
			isa = PBXGroup;
			children = (
				E4457C3B236A5A2500BF14AA /* FirstTests.swift */,
				E4457C3D236A5A2500BF14AA /* Info.plist */,
			);
			path = FirstTests;
			sourceTree = "<group>";
		};
/* End PBXGroup section */

/* Begin PBXNativeTarget section */
		E4457C20236A5A2100BF14AA /* First */ = {
			isa = PBXNativeTarget;
			buildConfigurationList = E4457C40236A5A2500BF14AA /* Build configuration list for PBXNativeTarget "First" */;
			buildPhases = (
				E4457C1D236A5A2100BF14AA /* Sources */,
				E4457C1E236A5A2100BF14AA /* Frameworks */,
				E4457C1F236A5A2100BF14AA /* Resources */,
			);
			buildRules = (
			);
			dependencies = (
			);
			name = First;
			productName = First;
			productReference = E4457C21236A5A2100BF14AA /* First.app */;
			productType = "com.apple.product-type.application";
		};
		E4457C36236A5A2500BF14AA /* FirstTests */ = {
			isa = PBXNativeTarget;
			buildConfigurationList = E4457C43236A5A2500BF14AA /* Build configuration list for PBXNativeTarget "FirstTests" */;
			buildPhases = (
				E4457C33236A5A2500BF14AA /* Sources */,
				E4457C34236A5A2500BF14AA /* Frameworks */,
				E4457C35236A5A2500BF14AA /* Resources */,
			);
			buildRules = (
			);
			dependencies = (
				E4457C39236A5A2500BF14AA /* PBXTargetDependency */,
			);
			name = FirstTests;
			productName = FirstTests;
			productReference = E4457C37236A5A2500BF14AA /* FirstTests.xctest */;
			productType = "com.apple.product-type.bundle.unit-test";
		};
/* End PBXNativeTarget section */

/* Begin PBXProject section */
		E4457C19236A5A2100BF14AA /* Project object */ = {
			isa = PBXProject;
			attributes = {
				LastSwiftUpdateCheck = 1110;
				LastUpgradeCheck = 1110;
				ORGANIZATIONNAME = Eczema;
				TargetAttributes = {
					E4457C20236A5A2100BF14AA = {
						CreatedOnToolsVersion = 11.1;
					};
					E4457C36236A5A2500BF14AA = {
						CreatedOnToolsVersion = 11.1;
						TestTargetID = E4457C20236A5A2100BF14AA;
					};
				};
			};
			buildConfigurationList = E4457C1C236A5A2100BF14AA /* Build configuration list for PBXProject "First" */;
			compatibilityVersion = "Xcode 9.3";
			developmentRegion = en;
			hasScannedForEncodings = 0;
			knownRegions = (
				en,
				Base,
			);
			mainGroup = E4457C18236A5A2100BF14AA;
			productRefGroup = E4457C22236A5A2100BF14AA /* Products */;
			projectDirPath = "";
			projectRoot = "";
			targets = (
				E4457C20236A5A2100BF14AA /* First */,
				E4457C36236A5A2500BF14AA /* FirstTests */,
			);
		};
/* End PBXProject section */

/* Begin PBXResourcesBuildPhase section */
		E4457C1F236A5A2100BF14AA /* Resources */ = {
			isa = PBXResourcesBuildPhase;
			buildActionMask = 2147483647;
			files = (
				E4457C31236A5A2400BF14AA /* LaunchScreen.storyboard in Resources */,
				E4457C2E236A5A2400BF14AA /* Assets.xcassets in Resources */,
				E4457C2C236A5A2100BF14AA /* Main.storyboard in Resources */,
			);
			runOnlyForDeploymentPostprocessing = 0;
		};
		E4457C35236A5A2500BF14AA /* Resources */ = {
			isa = PBXResourcesBuildPhase;
			buildActionMask = 2147483647;
			files = (
			);
			runOnlyForDeploymentPostprocessing = 0;
		};
/* End PBXResourcesBuildPhase section */

/* Begin PBXSourcesBuildPhase section */
		E4457C1D236A5A2100BF14AA /* Sources */ = {
			isa = PBXSourcesBuildPhase;
			buildActionMask = 2147483647;
			files = (
				E4457C29236A5A2100BF14AA /* ViewController.swift in Sources */,
				E4015E03237A5A4B00B1C167 /* BodyPartsViewController.swift in Sources */,
				E4015E022379D46A00B1C167 /* SubmitPhotosViewController.swift in Sources */,
				E4015DF0236D60FD00B1C167 /* PatientViewController.swift in Sources */,
				E4015E002378E19300B1C167 /* BodyPart.swift in Sources */,
				E4015DEA236CD04500B1C167 /* Patient.swift in Sources */,
				E4015E05237BA7A900B1C167 /* ExaminationResult.swift in Sources */,
				E4015E07237BA95300B1C167 /* Prescription.swift in Sources */,
				E4015E09237BAB3000B1C167 /* Medication.swift in Sources */,
				E4015E0D237BBCC500B1C167 /* BodyPartResultTableViewCell.swift in Sources */,
				E4015DEC236D559900B1C167 /* PatientTableViewCell.swift in Sources */,
				E4015DFA2378BAB500B1C167 /* TakePictureTableViewCell.swift in Sources */,
				E4457C25236A5A2100BF14AA /* AppDelegate.swift in Sources */,
				E4015DEE236D59D900B1C167 /* PatientTableViewController.swift in Sources */,
				E4015E0F237BC54800B1C167 /* MedicationTableViewCell.swift in Sources */,
				E4015E0B237BBBAB00B1C167 /* ActionPlanViewController.swift in Sources */,
				E4457C27236A5A2100BF14AA /* SceneDelegate.swift in Sources */,
			);
			runOnlyForDeploymentPostprocessing = 0;
		};
		E4457C33236A5A2500BF14AA /* Sources */ = {
			isa = PBXSourcesBuildPhase;
			buildActionMask = 2147483647;
			files = (
				E4457C3C236A5A2500BF14AA /* FirstTests.swift in Sources */,
			);
			runOnlyForDeploymentPostprocessing = 0;
		};
/* End PBXSourcesBuildPhase section */

/* Begin PBXTargetDependency section */
		E4457C39236A5A2500BF14AA /* PBXTargetDependency */ = {
			isa = PBXTargetDependency;
			target = E4457C20236A5A2100BF14AA /* First */;
			targetProxy = E4457C38236A5A2500BF14AA /* PBXContainerItemProxy */;
		};
/* End PBXTargetDependency section */

/* Begin PBXVariantGroup section */
		E4457C2A236A5A2100BF14AA /* Main.storyboard */ = {
			isa = PBXVariantGroup;
			children = (
				E4457C2B236A5A2100BF14AA /* Base */,
			);
			name = Main.storyboard;
			sourceTree = "<group>";
		};
		E4457C2F236A5A2400BF14AA /* LaunchScreen.storyboard */ = {
			isa = PBXVariantGroup;
			children = (
				E4457C30236A5A2400BF14AA /* Base */,
			);
			name = LaunchScreen.storyboard;
			sourceTree = "<group>";
		};
/* End PBXVariantGroup section */

/* Begin XCBuildConfiguration section */
		E4457C3E236A5A2500BF14AA /* Debug */ = {
			isa = XCBuildConfiguration;
			buildSettings = {
				ALWAYS_SEARCH_USER_PATHS = NO;
				CLANG_ANALYZER_NONNULL = YES;
				CLANG_ANALYZER_NUMBER_OBJECT_CONVERSION = YES_AGGRESSIVE;
				CLANG_CXX_LANGUAGE_STANDARD = "gnu++14";
				CLANG_CXX_LIBRARY = "libc++";
				CLANG_ENABLE_MODULES = YES;
				CLANG_ENABLE_OBJC_ARC = YES;
				CLANG_ENABLE_OBJC_WEAK = YES;
				CLANG_WARN_BLOCK_CAPTURE_AUTORELEASING = YES;
				CLANG_WARN_BOOL_CONVERSION = YES;
				CLANG_WARN_COMMA = YES;
				CLANG_WARN_CONSTANT_CONVERSION = YES;
				CLANG_WARN_DEPRECATED_OBJC_IMPLEMENTATIONS = YES;
				CLANG_WARN_DIRECT_OBJC_ISA_USAGE = YES_ERROR;
				CLANG_WARN_DOCUMENTATION_COMMENTS = YES;
				CLANG_WARN_EMPTY_BODY = YES;
				CLANG_WARN_ENUM_CONVERSION = YES;
				CLANG_WARN_INFINITE_RECURSION = YES;
				CLANG_WARN_INT_CONVERSION = YES;
				CLANG_WARN_NON_LITERAL_NULL_CONVERSION = YES;
				CLANG_WARN_OBJC_IMPLICIT_RETAIN_SELF = YES;
				CLANG_WARN_OBJC_LITERAL_CONVERSION = YES;
				CLANG_WARN_OBJC_ROOT_CLASS = YES_ERROR;
				CLANG_WARN_RANGE_LOOP_ANALYSIS = YES;
				CLANG_WARN_STRICT_PROTOTYPES = YES;
				CLANG_WARN_SUSPICIOUS_MOVE = YES;
				CLANG_WARN_UNGUARDED_AVAILABILITY = YES_AGGRESSIVE;
				CLANG_WARN_UNREACHABLE_CODE = YES;
				CLANG_WARN__DUPLICATE_METHOD_MATCH = YES;
				COPY_PHASE_STRIP = NO;
				DEBUG_INFORMATION_FORMAT = dwarf;
				ENABLE_STRICT_OBJC_MSGSEND = YES;
				ENABLE_TESTABILITY = YES;
				GCC_C_LANGUAGE_STANDARD = gnu11;
				GCC_DYNAMIC_NO_PIC = NO;
				GCC_NO_COMMON_BLOCKS = YES;
				GCC_OPTIMIZATION_LEVEL = 0;
				GCC_PREPROCESSOR_DEFINITIONS = (
					"DEBUG=1",
					"$(inherited)",
				);
				GCC_WARN_64_TO_32_BIT_CONVERSION = YES;
				GCC_WARN_ABOUT_RETURN_TYPE = YES_ERROR;
				GCC_WARN_UNDECLARED_SELECTOR = YES;
				GCC_WARN_UNINITIALIZED_AUTOS = YES_AGGRESSIVE;
				GCC_WARN_UNUSED_FUNCTION = YES;
				GCC_WARN_UNUSED_VARIABLE = YES;
				IPHONEOS_DEPLOYMENT_TARGET = 13.1;
				MTL_ENABLE_DEBUG_INFO = INCLUDE_SOURCE;
				MTL_FAST_MATH = YES;
				ONLY_ACTIVE_ARCH = YES;
				SDKROOT = iphoneos;
				SWIFT_ACTIVE_COMPILATION_CONDITIONS = DEBUG;
				SWIFT_OPTIMIZATION_LEVEL = "-Onone";
			};
			name = Debug;
		};
		E4457C3F236A5A2500BF14AA /* Release */ = {
			isa = XCBuildConfiguration;
			buildSettings = {
				ALWAYS_SEARCH_USER_PATHS = NO;
				CLANG_ANALYZER_NONNULL = YES;
				CLANG_ANALYZER_NUMBER_OBJECT_CONVERSION = YES_AGGRESSIVE;
				CLANG_CXX_LANGUAGE_STANDARD = "gnu++14";
				CLANG_CXX_LIBRARY = "libc++";
				CLANG_ENABLE_MODULES = YES;
				CLANG_ENABLE_OBJC_ARC = YES;
				CLANG_ENABLE_OBJC_WEAK = YES;
				CLANG_WARN_BLOCK_CAPTURE_AUTORELEASING = YES;
				CLANG_WARN_BOOL_CONVERSION = YES;
				CLANG_WARN_COMMA = YES;
				CLANG_WARN_CONSTANT_CONVERSION = YES;
				CLANG_WARN_DEPRECATED_OBJC_IMPLEMENTATIONS = YES;
				CLANG_WARN_DIRECT_OBJC_ISA_USAGE = YES_ERROR;
				CLANG_WARN_DOCUMENTATION_COMMENTS = YES;
				CLANG_WARN_EMPTY_BODY = YES;
				CLANG_WARN_ENUM_CONVERSION = YES;
				CLANG_WARN_INFINITE_RECURSION = YES;
				CLANG_WARN_INT_CONVERSION = YES;
				CLANG_WARN_NON_LITERAL_NULL_CONVERSION = YES;
				CLANG_WARN_OBJC_IMPLICIT_RETAIN_SELF = YES;
				CLANG_WARN_OBJC_LITERAL_CONVERSION = YES;
				CLANG_WARN_OBJC_ROOT_CLASS = YES_ERROR;
				CLANG_WARN_RANGE_LOOP_ANALYSIS = YES;
				CLANG_WARN_STRICT_PROTOTYPES = YES;
				CLANG_WARN_SUSPICIOUS_MOVE = YES;
				CLANG_WARN_UNGUARDED_AVAILABILITY = YES_AGGRESSIVE;
				CLANG_WARN_UNREACHABLE_CODE = YES;
				CLANG_WARN__DUPLICATE_METHOD_MATCH = YES;
				COPY_PHASE_STRIP = NO;
				DEBUG_INFORMATION_FORMAT = "dwarf-with-dsym";
				ENABLE_NS_ASSERTIONS = NO;
				ENABLE_STRICT_OBJC_MSGSEND = YES;
				GCC_C_LANGUAGE_STANDARD = gnu11;
				GCC_NO_COMMON_BLOCKS = YES;
				GCC_WARN_64_TO_32_BIT_CONVERSION = YES;
				GCC_WARN_ABOUT_RETURN_TYPE = YES_ERROR;
				GCC_WARN_UNDECLARED_SELECTOR = YES;
				GCC_WARN_UNINITIALIZED_AUTOS = YES_AGGRESSIVE;
				GCC_WARN_UNUSED_FUNCTION = YES;
				GCC_WARN_UNUSED_VARIABLE = YES;
				IPHONEOS_DEPLOYMENT_TARGET = 13.1;
				MTL_ENABLE_DEBUG_INFO = NO;
				MTL_FAST_MATH = YES;
				SDKROOT = iphoneos;
				SWIFT_COMPILATION_MODE = wholemodule;
				SWIFT_OPTIMIZATION_LEVEL = "-O";
				VALIDATE_PRODUCT = YES;
			};
			name = Release;
		};
		E4457C41236A5A2500BF14AA /* Debug */ = {
			isa = XCBuildConfiguration;
			buildSettings = {
				ASSETCATALOG_COMPILER_APPICON_NAME = AppIcon;
				CODE_SIGN_ENTITLEMENTS = First/First.entitlements;
				CODE_SIGN_IDENTITY = "Apple Development";
				CODE_SIGN_STYLE = Automatic;
				DEVELOPMENT_TEAM = 3926M3WHXF;
				INFOPLIST_FILE = First/Info.plist;
				IPHONEOS_DEPLOYMENT_TARGET = 12.0;
				LD_RUNPATH_SEARCH_PATHS = (
					"$(inherited)",
					"@executable_path/Frameworks",
				);
				PRODUCT_BUNDLE_IDENTIFIER = com.eczema.First;
				PRODUCT_NAME = "$(TARGET_NAME)";
				PROVISIONING_PROFILE_SPECIFIER = "";
				SWIFT_VERSION = 5.0;
				TARGETED_DEVICE_FAMILY = "1,2";
			};
			name = Debug;
		};
		E4457C42236A5A2500BF14AA /* Release */ = {
			isa = XCBuildConfiguration;
			buildSettings = {
				ASSETCATALOG_COMPILER_APPICON_NAME = AppIcon;
				CODE_SIGN_ENTITLEMENTS = First/FirstRelease.entitlements;
				CODE_SIGN_IDENTITY = "Apple Development";
				CODE_SIGN_STYLE = Automatic;
				DEVELOPMENT_TEAM = 3926M3WHXF;
				INFOPLIST_FILE = First/Info.plist;
				IPHONEOS_DEPLOYMENT_TARGET = 12.0;
				LD_RUNPATH_SEARCH_PATHS = (
					"$(inherited)",
					"@executable_path/Frameworks",
				);
				PRODUCT_BUNDLE_IDENTIFIER = com.eczema.First;
				PRODUCT_NAME = "$(TARGET_NAME)";
				PROVISIONING_PROFILE_SPECIFIER = "";
				SWIFT_VERSION = 5.0;
				TARGETED_DEVICE_FAMILY = "1,2";
			};
			name = Release;
		};
		E4457C44236A5A2500BF14AA /* Debug */ = {
			isa = XCBuildConfiguration;
			buildSettings = {
				ALWAYS_EMBED_SWIFT_STANDARD_LIBRARIES = YES;
				BUNDLE_LOADER = "$(TEST_HOST)";
				CODE_SIGN_STYLE = Automatic;
				INFOPLIST_FILE = FirstTests/Info.plist;
				IPHONEOS_DEPLOYMENT_TARGET = 13.1;
				LD_RUNPATH_SEARCH_PATHS = (
					"$(inherited)",
					"@executable_path/Frameworks",
					"@loader_path/Frameworks",
				);
				PRODUCT_BUNDLE_IDENTIFIER = com.eczema.FirstTests;
				PRODUCT_NAME = "$(TARGET_NAME)";
				SWIFT_VERSION = 5.0;
				TARGETED_DEVICE_FAMILY = "1,2";
				TEST_HOST = "$(BUILT_PRODUCTS_DIR)/First.app/First";
			};
			name = Debug;
		};
		E4457C45236A5A2500BF14AA /* Release */ = {
			isa = XCBuildConfiguration;
			buildSettings = {
				ALWAYS_EMBED_SWIFT_STANDARD_LIBRARIES = YES;
				BUNDLE_LOADER = "$(TEST_HOST)";
				CODE_SIGN_STYLE = Automatic;
				INFOPLIST_FILE = FirstTests/Info.plist;
				IPHONEOS_DEPLOYMENT_TARGET = 13.1;
				LD_RUNPATH_SEARCH_PATHS = (
					"$(inherited)",
					"@executable_path/Frameworks",
					"@loader_path/Frameworks",
				);
				PRODUCT_BUNDLE_IDENTIFIER = com.eczema.FirstTests;
				PRODUCT_NAME = "$(TARGET_NAME)";
				SWIFT_VERSION = 5.0;
				TARGETED_DEVICE_FAMILY = "1,2";
				TEST_HOST = "$(BUILT_PRODUCTS_DIR)/First.app/First";
			};
			name = Release;
		};
/* End XCBuildConfiguration section */

/* Begin XCConfigurationList section */
		E4457C1C236A5A2100BF14AA /* Build configuration list for PBXProject "First" */ = {
			isa = XCConfigurationList;
			buildConfigurations = (
				E4457C3E236A5A2500BF14AA /* Debug */,
				E4457C3F236A5A2500BF14AA /* Release */,
			);
			defaultConfigurationIsVisible = 0;
			defaultConfigurationName = Release;
		};
		E4457C40236A5A2500BF14AA /* Build configuration list for PBXNativeTarget "First" */ = {
			isa = XCConfigurationList;
			buildConfigurations = (
				E4457C41236A5A2500BF14AA /* Debug */,
				E4457C42236A5A2500BF14AA /* Release */,
			);
			defaultConfigurationIsVisible = 0;
			defaultConfigurationName = Release;
		};
		E4457C43236A5A2500BF14AA /* Build configuration list for PBXNativeTarget "FirstTests" */ = {
			isa = XCConfigurationList;
			buildConfigurations = (
				E4457C44236A5A2500BF14AA /* Debug */,
				E4457C45236A5A2500BF14AA /* Release */,
			);
			defaultConfigurationIsVisible = 0;
			defaultConfigurationName = Release;
		};
/* End XCConfigurationList section */
	};
	rootObject = E4457C19236A5A2100BF14AA /* Project object */;
}
